
Microsoft Visual Studio Solution File, Format Version 12.00
# Visual Studio Version 17
VisualStudioVersion = 17.11.35222.181
MinimumVisualStudioVersion = 10.0.40219.1
Project("{FAE04EC0-301F-11D3-BF4B-00C04F79EFBC}") = "ProjetoAPITarde", "ProjetoAPITarde.csproj", "{6FF6F755-8921-47A5-B048-757BADD73FF3}"
EndProject
Global
	GlobalSection(SolutionConfigurationPlatforms) = preSolution
		Debug|Any CPU = Debug|Any CPU
		Release|Any CPU = Release|Any CPU
	EndGlobalSection
	GlobalSection(ProjectConfigurationPlatforms) = postSolution
		{6FF6F755-8921-47A5-B048-757BADD73FF3}.Debug|Any CPU.ActiveCfg = Debug|Any CPU
		{6FF6F755-8921-47A5-B048-757BADD73FF3}.Debug|Any CPU.Build.0 = Debug|Any CPU
		{6FF6F755-8921-47A5-B048-757BADD73FF3}.Release|Any CPU.ActiveCfg = Release|Any CPU
		{6FF6F755-8921-47A5-B048-757BADD73FF3}.Release|Any CPU.Build.0 = Release|Any CPU
	EndGlobalSection
	GlobalSection(SolutionProperties) = preSolution
		HideSolutionNode = FALSE
	EndGlobalSection
	GlobalSection(ExtensibilityGlobals) = postSolution
		SolutionGuid = {1F1F3D0C-15B2-49CC-B577-DDE842AF24A7}
	EndGlobalSection
EndGlobal
